
Microsoft Visual Studio Solution File, Format Version 12.00
# Visual Studio Version 16
VisualStudioVersion = 16.0.29102.190
MinimumVisualStudioVersion = 10.0.40219.1
Project("{9A19103F-16F7-4668-BE54-9A1E7A4F7556}") = "CreditCardProcessing", "CreditCardProcessing\CreditCardProcessing.csproj", "{79D7CFAE-6086-4B5E-B368-EF1A94B2C7A0}"
EndProject
Project("{FAE04EC0-301F-11D3-BF4B-00C04F79EFBC}") = "CreditCardProcessingUnitTests", "CreditCardProcessingUnitTests\CreditCardProcessingUnitTests.csproj", "{64D731E1-27CC-4540-9096-E281B2F82A31}"
EndProject
Global
	GlobalSection(SolutionConfigurationPlatforms) = preSolution
		Debug|Any CPU = Debug|Any CPU
		Release|Any CPU = Release|Any CPU
	EndGlobalSection
	GlobalSection(ProjectConfigurationPlatforms) = postSolution
		{79D7CFAE-6086-4B5E-B368-EF1A94B2C7A0}.Debug|Any CPU.ActiveCfg = Debug|Any CPU
		{79D7CFAE-6086-4B5E-B368-EF1A94B2C7A0}.Debug|Any CPU.Build.0 = Debug|Any CPU
		{79D7CFAE-6086-4B5E-B368-EF1A94B2C7A0}.Release|Any CPU.ActiveCfg = Release|Any CPU
		{79D7CFAE-6086-4B5E-B368-EF1A94B2C7A0}.Release|Any CPU.Build.0 = Release|Any CPU
		{64D731E1-27CC-4540-9096-E281B2F82A31}.Debug|Any CPU.ActiveCfg = Debug|Any CPU
		{64D731E1-27CC-4540-9096-E281B2F82A31}.Debug|Any CPU.Build.0 = Debug|Any CPU
		{64D731E1-27CC-4540-9096-E281B2F82A31}.Release|Any CPU.ActiveCfg = Release|Any CPU
		{64D731E1-27CC-4540-9096-E281B2F82A31}.Release|Any CPU.Build.0 = Release|Any CPU
	EndGlobalSection
	GlobalSection(SolutionProperties) = preSolution
		HideSolutionNode = FALSE
	EndGlobalSection
	GlobalSection(ExtensibilityGlobals) = postSolution
		SolutionGuid = {B1AC3DE2-E143-4F10-83BD-BD65C7EEA26B}
	EndGlobalSection
EndGlobal
